
Microsoft Visual Studio Solution File, Format Version 12.00
# Visual Studio Version 17
VisualStudioVersion = 17.2.32630.192
MinimumVisualStudioVersion = 10.0.40219.1
Project("{FAE04EC0-301F-11D3-BF4B-00C04F79EFBC}") = "EncryptoShy", "EncryptoShy.csproj", "{96A02C54-516F-40A6-B0C3-10F4A9852FA6}"
EndProject
Global
	GlobalSection(SolutionConfigurationPlatforms) = preSolution
		Debug|Any CPU = Debug|Any CPU
		Release|Any CPU = Release|Any CPU
	EndGlobalSection
	GlobalSection(ProjectConfigurationPlatforms) = postSolution
		{96A02C54-516F-40A6-B0C3-10F4A9852FA6}.Debug|Any CPU.ActiveCfg = Debug|Any CPU
		{96A02C54-516F-40A6-B0C3-10F4A9852FA6}.Debug|Any CPU.Build.0 = Debug|Any CPU
		{96A02C54-516F-40A6-B0C3-10F4A9852FA6}.Release|Any CPU.ActiveCfg = Release|Any CPU
		{96A02C54-516F-40A6-B0C3-10F4A9852FA6}.Release|Any CPU.Build.0 = Release|Any CPU
	EndGlobalSection
	GlobalSection(SolutionProperties) = preSolution
		HideSolutionNode = FALSE
	EndGlobalSection
	GlobalSection(ExtensibilityGlobals) = postSolution
		SolutionGuid = {2883CA53-404F-4C5A-82AA-A2AA1507274C}
	EndGlobalSection
EndGlobal
